{
    "version": 3,
    "terraform_version": "0.11.6",
    "serial": 47,
    "lineage": "195a859e-8c75-76aa-1381-0a6ae10fc609",
    "modules": [
        {
            "path": [
                "root"
            ],
            "outputs": {},
            "resources": {
                "aws_default_route_table.hello-route": {
                    "type": "aws_default_route_table",
                    "depends_on": [
                        "aws_internet_gateway.gw",
                        "aws_vpc.web-app-vpc"
                    ],
                    "primary": {
                        "id": "rtb-2c1d6c50",
                        "attributes": {
                            "default_route_table_id": "rtb-2c1d6c50",
                            "id": "rtb-2c1d6c50",
                            "propagating_vgws.#": "0",
                            "route.#": "1",
                            "route.141875029.cidr_block": "0.0.0.0/0",
                            "route.141875029.egress_only_gateway_id": "",
                            "route.141875029.gateway_id": "igw-26c6485e",
                            "route.141875029.instance_id": "",
                            "route.141875029.ipv6_cidr_block": "",
                            "route.141875029.nat_gateway_id": "",
                            "route.141875029.network_interface_id": "",
                            "route.141875029.vpc_peering_connection_id": "",
                            "tags.%": "1",
                            "tags.Name": "vpc-default-route-table",
                            "vpc_id": "vpc-7b6a1700"
                        },
                        "meta": {},
                        "tainted": false
                    },
                    "deposed": [],
                    "provider": "provider.aws"
                },
                "aws_eip.hello-eip": {
                    "type": "aws_eip",
                    "depends_on": [],
                    "primary": {
                        "id": "eipalloc-ceeeb6c7",
                        "attributes": {
                            "association_id": "",
                            "domain": "vpc",
                            "id": "eipalloc-ceeeb6c7",
                            "instance": "",
                            "network_interface": "",
                            "private_ip": "",
                            "public_ip": "18.233.137.159",
                            "tags.%": "0",
                            "vpc": "true"
                        },
                        "meta": {
                            "e2bfb730-ecaa-11e6-8f88-34363bc7c4c0": {
                                "delete": 180000000000,
                                "read": 900000000000,
                                "update": 300000000000
                            }
                        },
                        "tainted": false
                    },
                    "deposed": [],
                    "provider": "provider.aws"
                },
                "aws_eip.hello-eip-1": {
                    "type": "aws_eip",
                    "depends_on": [],
                    "primary": {
                        "id": "eipalloc-aa3e65a3",
                        "attributes": {
                            "association_id": "",
                            "domain": "vpc",
                            "id": "eipalloc-aa3e65a3",
                            "instance": "",
                            "network_interface": "",
                            "private_ip": "",
                            "public_ip": "34.206.75.199",
                            "tags.%": "0",
                            "vpc": "true"
                        },
                        "meta": {
                            "e2bfb730-ecaa-11e6-8f88-34363bc7c4c0": {
                                "delete": 180000000000,
                                "read": 900000000000,
                                "update": 300000000000
                            }
                        },
                        "tainted": false
                    },
                    "deposed": [],
                    "provider": "provider.aws"
                },
                "aws_eip.hello-eip-2": {
                    "type": "aws_eip",
                    "depends_on": [],
                    "primary": {
                        "id": "eipalloc-c13d66c8",
                        "attributes": {
                            "association_id": "",
                            "domain": "vpc",
                            "id": "eipalloc-c13d66c8",
                            "instance": "",
                            "network_interface": "",
                            "private_ip": "",
                            "public_ip": "18.208.111.12",
                            "tags.%": "0",
                            "vpc": "true"
                        },
                        "meta": {
                            "e2bfb730-ecaa-11e6-8f88-34363bc7c4c0": {
                                "delete": 180000000000,
                                "read": 900000000000,
                                "update": 300000000000
                            }
                        },
                        "tainted": false
                    },
                    "deposed": [],
                    "provider": "provider.aws"
                },
                "aws_elb.bar": {
                    "type": "aws_elb",
                    "depends_on": [
                        "aws_instance.hello-instance",
                        "aws_instance.instance-1",
                        "aws_instance.instance-2",
                        "aws_security_group.allow_all",
                        "aws_subnet.us-east-1a-public"
                    ],
                    "primary": {
                        "id": "foobar-terraform-elb",
                        "attributes": {
                            "access_logs.#": "1",
                            "access_logs.0.bucket": "elb-logs-ram-1",
                            "access_logs.0.bucket_prefix": "",
                            "access_logs.0.enabled": "true",
                            "access_logs.0.interval": "60",
                            "arn": "arn:aws:elasticloadbalancing:us-east-1:726095363876:loadbalancer/foobar-terraform-elb",
                            "availability_zones.#": "1",
                            "availability_zones.3569565595": "us-east-1a",
                            "connection_draining": "true",
                            "connection_draining_timeout": "400",
                            "cross_zone_load_balancing": "true",
                            "dns_name": "foobar-terraform-elb-665614664.us-east-1.elb.amazonaws.com",
                            "health_check.#": "1",
                            "health_check.0.healthy_threshold": "2",
                            "health_check.0.interval": "30",
                            "health_check.0.target": "HTTP:80/",
                            "health_check.0.timeout": "3",
                            "health_check.0.unhealthy_threshold": "2",
                            "id": "foobar-terraform-elb",
                            "idle_timeout": "400",
                            "instances.#": "0",
                            "internal": "false",
                            "listener.#": "1",
                            "listener.3057123346.instance_port": "80",
                            "listener.3057123346.instance_protocol": "http",
                            "listener.3057123346.lb_port": "80",
                            "listener.3057123346.lb_protocol": "http",
                            "listener.3057123346.ssl_certificate_id": "",
                            "name": "foobar-terraform-elb",
                            "security_groups.#": "1",
                            "security_groups.3219311618": "sg-8145f1c8",
                            "source_security_group": "726095363876/allow_all",
                            "source_security_group_id": "sg-8145f1c8",
                            "subnets.#": "1",
                            "subnets.1542183160": "subnet-69a6b634",
                            "tags.%": "1",
                            "tags.Name": "foobar-terraform-elb",
                            "zone_id": "Z35SXDOTRQ7X7K"
                        },
                        "meta": {},
                        "tainted": false
                    },
                    "deposed": [],
                    "provider": "provider.aws"
                },
                "aws_instance.hello-instance": {
                    "type": "aws_instance",
                    "depends_on": [
                        "aws_security_group.allow_all",
                        "aws_subnet.us-east-1a-public"
                    ],
                    "primary": {
                        "id": "i-050159854f061a244",
                        "attributes": {
                            "ami": "ami-0a7fdb75",
                            "associate_public_ip_address": "false",
                            "availability_zone": "us-east-1a",
                            "disable_api_termination": "false",
                            "ebs_block_device.#": "0",
                            "ebs_optimized": "false",
                            "ephemeral_block_device.#": "0",
                            "get_password_data": "false",
                            "iam_instance_profile": "",
                            "id": "i-050159854f061a244",
                            "instance_state": "running",
                            "instance_type": "t2.micro",
                            "ipv6_addresses.#": "0",
                            "key_name": "hello",
                            "monitoring": "false",
                            "network_interface.#": "0",
                            "network_interface_id": "eni-c81a424e",
                            "password_data": "",
                            "placement_group": "",
                            "primary_network_interface_id": "eni-c81a424e",
                            "private_dns": "ip-10-0-1-41.ec2.internal",
                            "private_ip": "10.0.1.41",
                            "public_dns": "",
                            "public_ip": "",
                            "root_block_device.#": "1",
                            "root_block_device.0.delete_on_termination": "true",
                            "root_block_device.0.iops": "100",
                            "root_block_device.0.volume_id": "vol-0929d0180bdd98130",
                            "root_block_device.0.volume_size": "8",
                            "root_block_device.0.volume_type": "gp2",
                            "security_groups.#": "0",
                            "source_dest_check": "true",
                            "subnet_id": "subnet-69a6b634",
                            "tags.%": "1",
                            "tags.Name": "hello-ec2-instance",
                            "tenancy": "default",
                            "volume_tags.%": "0",
                            "vpc_security_group_ids.#": "1",
                            "vpc_security_group_ids.3219311618": "sg-8145f1c8"
                        },
                        "meta": {
                            "e2bfb730-ecaa-11e6-8f88-34363bc7c4c0": {
                                "create": 600000000000,
                                "delete": 1200000000000,
                                "update": 600000000000
                            },
                            "schema_version": "1"
                        },
                        "tainted": true
                    },
                    "deposed": [],
                    "provider": "provider.aws"
                },
                "aws_instance.instance-1": {
                    "type": "aws_instance",
                    "depends_on": [
                        "aws_security_group.allow_all",
                        "aws_subnet.us-east-1a-public"
                    ],
                    "primary": {
                        "id": "i-0b7002461db2698b3",
                        "attributes": {
                            "ami": "ami-0a7fdb75",
                            "associate_public_ip_address": "false",
                            "availability_zone": "us-east-1a",
                            "disable_api_termination": "false",
                            "ebs_block_device.#": "0",
                            "ebs_optimized": "false",
                            "ephemeral_block_device.#": "0",
                            "get_password_data": "false",
                            "iam_instance_profile": "",
                            "id": "i-0b7002461db2698b3",
                            "instance_state": "running",
                            "instance_type": "t2.micro",
                            "ipv6_addresses.#": "0",
                            "key_name": "hello",
                            "monitoring": "false",
                            "network_interface.#": "0",
                            "network_interface_id": "eni-711c44f7",
                            "password_data": "",
                            "placement_group": "",
                            "primary_network_interface_id": "eni-711c44f7",
                            "private_dns": "ip-10-0-1-15.ec2.internal",
                            "private_ip": "10.0.1.15",
                            "public_dns": "",
                            "public_ip": "",
                            "root_block_device.#": "1",
                            "root_block_device.0.delete_on_termination": "true",
                            "root_block_device.0.iops": "100",
                            "root_block_device.0.volume_id": "vol-05c0bf66c95517608",
                            "root_block_device.0.volume_size": "8",
                            "root_block_device.0.volume_type": "gp2",
                            "security_groups.#": "0",
                            "source_dest_check": "true",
                            "subnet_id": "subnet-69a6b634",
                            "tags.%": "1",
                            "tags.Name": "hello-ec2-instance-1",
                            "tenancy": "default",
                            "volume_tags.%": "0",
                            "vpc_security_group_ids.#": "1",
                            "vpc_security_group_ids.3219311618": "sg-8145f1c8"
                        },
                        "meta": {
                            "e2bfb730-ecaa-11e6-8f88-34363bc7c4c0": {
                                "create": 600000000000,
                                "delete": 1200000000000,
                                "update": 600000000000
                            },
                            "schema_version": "1"
                        },
                        "tainted": true
                    },
                    "deposed": [],
                    "provider": "provider.aws"
                },
                "aws_instance.instance-2": {
                    "type": "aws_instance",
                    "depends_on": [
                        "aws_security_group.allow_all",
                        "aws_subnet.us-east-1a-public"
                    ],
                    "primary": {
                        "id": "i-0ad58c9c9ad3782a4",
                        "attributes": {
                            "ami": "ami-0a7fdb75",
                            "associate_public_ip_address": "false",
                            "availability_zone": "us-east-1a",
                            "disable_api_termination": "false",
                            "ebs_block_device.#": "0",
                            "ebs_optimized": "false",
                            "ephemeral_block_device.#": "0",
                            "get_password_data": "false",
                            "iam_instance_profile": "",
                            "id": "i-0ad58c9c9ad3782a4",
                            "instance_state": "running",
                            "instance_type": "t2.micro",
                            "ipv6_addresses.#": "0",
                            "key_name": "hello",
                            "monitoring": "false",
                            "network_interface.#": "0",
                            "network_interface_id": "eni-fa1b437c",
                            "password_data": "",
                            "placement_group": "",
                            "primary_network_interface_id": "eni-fa1b437c",
                            "private_dns": "ip-10-0-1-121.ec2.internal",
                            "private_ip": "10.0.1.121",
                            "public_dns": "",
                            "public_ip": "",
                            "root_block_device.#": "1",
                            "root_block_device.0.delete_on_termination": "true",
                            "root_block_device.0.iops": "100",
                            "root_block_device.0.volume_id": "vol-01f6202444229ef12",
                            "root_block_device.0.volume_size": "8",
                            "root_block_device.0.volume_type": "gp2",
                            "security_groups.#": "0",
                            "source_dest_check": "true",
                            "subnet_id": "subnet-69a6b634",
                            "tags.%": "1",
                            "tags.Name": "hello-ec2-instance-2",
                            "tenancy": "default",
                            "volume_tags.%": "0",
                            "vpc_security_group_ids.#": "1",
                            "vpc_security_group_ids.3219311618": "sg-8145f1c8"
                        },
                        "meta": {
                            "e2bfb730-ecaa-11e6-8f88-34363bc7c4c0": {
                                "create": 600000000000,
                                "delete": 1200000000000,
                                "update": 600000000000
                            },
                            "schema_version": "1"
                        },
                        "tainted": true
                    },
                    "deposed": [],
                    "provider": "provider.aws"
                },
                "aws_internet_gateway.gw": {
                    "type": "aws_internet_gateway",
                    "depends_on": [
                        "aws_vpc.web-app-vpc"
                    ],
                    "primary": {
                        "id": "igw-26c6485e",
                        "attributes": {
                            "id": "igw-26c6485e",
                            "tags.%": "1",
                            "tags.Name": "vpc-internet-gateway",
                            "vpc_id": "vpc-7b6a1700"
                        },
                        "meta": {},
                        "tainted": false
                    },
                    "deposed": [],
                    "provider": "provider.aws"
                },
                "aws_security_group.allow_all": {
                    "type": "aws_security_group",
                    "depends_on": [
                        "aws_vpc.web-app-vpc"
                    ],
                    "primary": {
                        "id": "sg-8145f1c8",
                        "attributes": {
                            "arn": "arn:aws:ec2:us-east-1:726095363876:security-group/sg-8145f1c8",
                            "description": "Allow https, http traffic",
                            "egress.#": "1",
                            "egress.482069346.cidr_blocks.#": "1",
                            "egress.482069346.cidr_blocks.0": "0.0.0.0/0",
                            "egress.482069346.description": "",
                            "egress.482069346.from_port": "0",
                            "egress.482069346.ipv6_cidr_blocks.#": "0",
                            "egress.482069346.prefix_list_ids.#": "0",
                            "egress.482069346.protocol": "-1",
                            "egress.482069346.security_groups.#": "0",
                            "egress.482069346.self": "false",
                            "egress.482069346.to_port": "0",
                            "id": "sg-8145f1c8",
                            "ingress.#": "4",
                            "ingress.1994621032.cidr_blocks.#": "1",
                            "ingress.1994621032.cidr_blocks.0": "0.0.0.0/0",
                            "ingress.1994621032.description": "",
                            "ingress.1994621032.from_port": "3000",
                            "ingress.1994621032.ipv6_cidr_blocks.#": "0",
                            "ingress.1994621032.protocol": "tcp",
                            "ingress.1994621032.security_groups.#": "0",
                            "ingress.1994621032.self": "false",
                            "ingress.1994621032.to_port": "3000",
                            "ingress.2214680975.cidr_blocks.#": "1",
                            "ingress.2214680975.cidr_blocks.0": "0.0.0.0/0",
                            "ingress.2214680975.description": "",
                            "ingress.2214680975.from_port": "80",
                            "ingress.2214680975.ipv6_cidr_blocks.#": "0",
                            "ingress.2214680975.protocol": "tcp",
                            "ingress.2214680975.security_groups.#": "0",
                            "ingress.2214680975.self": "false",
                            "ingress.2214680975.to_port": "80",
                            "ingress.2541437006.cidr_blocks.#": "1",
                            "ingress.2541437006.cidr_blocks.0": "0.0.0.0/0",
                            "ingress.2541437006.description": "",
                            "ingress.2541437006.from_port": "22",
                            "ingress.2541437006.ipv6_cidr_blocks.#": "0",
                            "ingress.2541437006.protocol": "tcp",
                            "ingress.2541437006.security_groups.#": "0",
                            "ingress.2541437006.self": "false",
                            "ingress.2541437006.to_port": "22",
                            "ingress.2617001939.cidr_blocks.#": "1",
                            "ingress.2617001939.cidr_blocks.0": "0.0.0.0/0",
                            "ingress.2617001939.description": "",
                            "ingress.2617001939.from_port": "443",
                            "ingress.2617001939.ipv6_cidr_blocks.#": "0",
                            "ingress.2617001939.protocol": "tcp",
                            "ingress.2617001939.security_groups.#": "0",
                            "ingress.2617001939.self": "false",
                            "ingress.2617001939.to_port": "443",
                            "name": "allow_all",
                            "owner_id": "726095363876",
                            "revoke_rules_on_delete": "false",
                            "tags.%": "0",
                            "vpc_id": "vpc-7b6a1700"
                        },
                        "meta": {
                            "e2bfb730-ecaa-11e6-8f88-34363bc7c4c0": {
                                "create": 600000000000,
                                "delete": 600000000000
                            },
                            "schema_version": "1"
                        },
                        "tainted": false
                    },
                    "deposed": [],
                    "provider": "provider.aws"
                },
                "aws_subnet.us-east-1a-public": {
                    "type": "aws_subnet",
                    "depends_on": [
                        "aws_vpc.web-app-vpc"
                    ],
                    "primary": {
                        "id": "subnet-69a6b634",
                        "attributes": {
                            "assign_ipv6_address_on_creation": "false",
                            "availability_zone": "us-east-1a",
                            "cidr_block": "10.0.1.0/25",
                            "id": "subnet-69a6b634",
                            "map_public_ip_on_launch": "false",
                            "tags.%": "1",
                            "tags.Name": "Weblayer subnet",
                            "vpc_id": "vpc-7b6a1700"
                        },
                        "meta": {
                            "schema_version": "1"
                        },
                        "tainted": false
                    },
                    "deposed": [],
                    "provider": "provider.aws"
                },
                "aws_vpc.web-app-vpc": {
                    "type": "aws_vpc",
                    "depends_on": [],
                    "primary": {
                        "id": "vpc-7b6a1700",
                        "attributes": {
                            "assign_generated_ipv6_cidr_block": "false",
                            "cidr_block": "10.0.0.0/16",
                            "default_network_acl_id": "acl-3731e54d",
                            "default_route_table_id": "rtb-2c1d6c50",
                            "default_security_group_id": "sg-fd44f0b4",
                            "dhcp_options_id": "dopt-019a8863",
                            "enable_classiclink": "false",
                            "enable_classiclink_dns_support": "false",
                            "enable_dns_hostnames": "true",
                            "enable_dns_support": "true",
                            "id": "vpc-7b6a1700",
                            "instance_tenancy": "default",
                            "main_route_table_id": "rtb-2c1d6c50",
                            "tags.%": "1",
                            "tags.Name": "web-app-vpc"
                        },
                        "meta": {
                            "schema_version": "1"
                        },
                        "tainted": false
                    },
                    "deposed": [],
                    "provider": "provider.aws"
                }
            },
            "depends_on": []
        }
    ]
}
